// !$*UTF8*$!
{
	archiveVersion = 1;
	classes = {
	};
	objectVersion = 48;
	objects = {

/* Begin PBXBuildFile section */
		27A0674F71B30C2FD13A872E /* Pods_MadridShops.framework in Frameworks */ = {isa = PBXBuildFile; fileRef = 5BBBAE018471DE66DD98F589 /* Pods_MadridShops.framework */; };
		2E07F70C1F69C5750060DCEF /* JSONParser.swift in Sources */ = {isa = PBXBuildFile; fileRef = 2E07F70B1F69C5750060DCEF /* JSONParser.swift */; };
		2E07F70E1F69C8440060DCEF /* DownloadAllShopsInteractorNSURLSessionImpl.swift in Sources */ = {isa = PBXBuildFile; fileRef = 2E07F70D1F69C8440060DCEF /* DownloadAllShopsInteractorNSURLSessionImpl.swift */; };
		2E07F7101F69D4530060DCEF /* ShopDetailViewController.swift in Sources */ = {isa = PBXBuildFile; fileRef = 2E07F70F1F69D4530060DCEF /* ShopDetailViewController.swift */; };
		2E0A28271F6FE5EB00512D4D /* CoreData.framework in Frameworks */ = {isa = PBXBuildFile; fileRef = 2E0A28261F6FE5EB00512D4D /* CoreData.framework */; };
		2E0A282A1F6FE63200512D4D /* MadridShops.xcdatamodeld in Sources */ = {isa = PBXBuildFile; fileRef = 2E0A28281F6FE63200512D4D /* MadridShops.xcdatamodeld */; };
		2E0A282C1F6FE7D300512D4D /* CoreDataStack.swift in Sources */ = {isa = PBXBuildFile; fileRef = 2E0A282B1F6FE7D300512D4D /* CoreDataStack.swift */; };
		2E18F0381F795DB700E3805D /* DowloadAllActivitiesInteractorNSURLSessionImpl.swift in Sources */ = {isa = PBXBuildFile; fileRef = 2E18F0371F795DB700E3805D /* DowloadAllActivitiesInteractorNSURLSessionImpl.swift */; };
		2E18F03A1F795EFD00E3805D /* DownloadAllActivitiesInteractor.swift in Sources */ = {isa = PBXBuildFile; fileRef = 2E18F0391F795EFD00E3805D /* DownloadAllActivitiesInteractor.swift */; };
		2E18F03C1F79608E00E3805D /* Activities.swift in Sources */ = {isa = PBXBuildFile; fileRef = 2E18F03B1F79608E00E3805D /* Activities.swift */; };
		2E18F03E1F79616E00E3805D /* Activity.swift in Sources */ = {isa = PBXBuildFile; fileRef = 2E18F03D1F79616E00E3805D /* Activity.swift */; };
		2E18F0401F7A37EF00E3805D /* SaveAllActivitiesInteractorImp.swift in Sources */ = {isa = PBXBuildFile; fileRef = 2E18F03F1F7A37EF00E3805D /* SaveAllActivitiesInteractorImp.swift */; };
		2E18F0421F7A397F00E3805D /* SaveAllActivitiesInteractor.swift in Sources */ = {isa = PBXBuildFile; fileRef = 2E18F0411F7A397F00E3805D /* SaveAllActivitiesInteractor.swift */; };
		2E18F0441F7A55A900E3805D /* MapActivities.swift in Sources */ = {isa = PBXBuildFile; fileRef = 2E18F0431F7A55A900E3805D /* MapActivities.swift */; };
		2E18F0461F7A732300E3805D /* DownloadAllActivitiesInteractorFakeImpl.swift in Sources */ = {isa = PBXBuildFile; fileRef = 2E18F0451F7A732300E3805D /* DownloadAllActivitiesInteractorFakeImpl.swift */; };
		2E18F0481F7A76E200E3805D /* ActivityViewController.swift in Sources */ = {isa = PBXBuildFile; fileRef = 2E18F0471F7A76E200E3805D /* ActivityViewController.swift */; };
		2E18F04C1F7B949900E3805D /* ActivityViewController+CollectionViewController.swift in Sources */ = {isa = PBXBuildFile; fileRef = 2E18F04B1F7B949900E3805D /* ActivityViewController+CollectionViewController.swift */; };
		2E18F0501F7BB7F400E3805D /* ActivityCell.swift in Sources */ = {isa = PBXBuildFile; fileRef = 2E18F04F1F7BB7F400E3805D /* ActivityCell.swift */; };
		2E23FF461F70538C00009B76 /* MapShops.swift in Sources */ = {isa = PBXBuildFile; fileRef = 2E23FF451F70538C00009B76 /* MapShops.swift */; };
		2E23FF481F70615000009B76 /* ExecuteOnceInteractor.swift in Sources */ = {isa = PBXBuildFile; fileRef = 2E23FF471F70615000009B76 /* ExecuteOnceInteractor.swift */; };
		2E23FF4A1F7061EB00009B76 /* SetExecutedOnceInteractor.swift in Sources */ = {isa = PBXBuildFile; fileRef = 2E23FF491F7061EB00009B76 /* SetExecutedOnceInteractor.swift */; };
		2E23FF4C1F7068CB00009B76 /* SetExecutedOnceInteractorImpl.swift in Sources */ = {isa = PBXBuildFile; fileRef = 2E23FF4B1F7068CB00009B76 /* SetExecutedOnceInteractorImpl.swift */; };
		2E23FF4E1F7069B700009B76 /* ExecuteOnceInteractorImpl.swift in Sources */ = {isa = PBXBuildFile; fileRef = 2E23FF4D1F7069B700009B76 /* ExecuteOnceInteractorImpl.swift */; };
		2E77A6D01F67CC9000B6CEA1 /* AppDelegate.swift in Sources */ = {isa = PBXBuildFile; fileRef = 2E77A6CF1F67CC9000B6CEA1 /* AppDelegate.swift */; };
		2E77A6D21F67CC9000B6CEA1 /* ShopViewController.swift in Sources */ = {isa = PBXBuildFile; fileRef = 2E77A6D11F67CC9000B6CEA1 /* ShopViewController.swift */; };
		2E77A6D51F67CC9000B6CEA1 /* Main.storyboard in Resources */ = {isa = PBXBuildFile; fileRef = 2E77A6D31F67CC9000B6CEA1 /* Main.storyboard */; };
		2E77A6D71F67CC9000B6CEA1 /* Assets.xcassets in Resources */ = {isa = PBXBuildFile; fileRef = 2E77A6D61F67CC9000B6CEA1 /* Assets.xcassets */; };
		2E77A6DA1F67CC9000B6CEA1 /* LaunchScreen.storyboard in Resources */ = {isa = PBXBuildFile; fileRef = 2E77A6D81F67CC9000B6CEA1 /* LaunchScreen.storyboard */; };
		2E77A6E51F67CC9000B6CEA1 /* MadridShopsTests.swift in Sources */ = {isa = PBXBuildFile; fileRef = 2E77A6E41F67CC9000B6CEA1 /* MadridShopsTests.swift */; };
		2E77A6F21F67D0FC00B6CEA1 /* DownloadAllShopsInteractorFakeImpl.swift in Sources */ = {isa = PBXBuildFile; fileRef = 2E77A6EF1F67D0FB00B6CEA1 /* DownloadAllShopsInteractorFakeImpl.swift */; };
		2E77A6F31F67D0FC00B6CEA1 /* DownloadAllShopsInteractor.swift in Sources */ = {isa = PBXBuildFile; fileRef = 2E77A6F01F67D0FC00B6CEA1 /* DownloadAllShopsInteractor.swift */; };
		2E77A6F41F67D0FC00B6CEA1 /* Shop.swift in Sources */ = {isa = PBXBuildFile; fileRef = 2E77A6F11F67D0FC00B6CEA1 /* Shop.swift */; };
		2E77A6F91F67D10B00B6CEA1 /* ViewController+CollectionViewController.swift in Sources */ = {isa = PBXBuildFile; fileRef = 2E77A6F51F67D10B00B6CEA1 /* ViewController+CollectionViewController.swift */; };
		2E77A6FA1F67D10B00B6CEA1 /* Shops.swift in Sources */ = {isa = PBXBuildFile; fileRef = 2E77A6F61F67D10B00B6CEA1 /* Shops.swift */; };
		2E77A6FB1F67D10B00B6CEA1 /* Typealias.swift in Sources */ = {isa = PBXBuildFile; fileRef = 2E77A6F71F67D10B00B6CEA1 /* Typealias.swift */; };
		2E77A6FC1F67D10B00B6CEA1 /* ShopCell.swift in Sources */ = {isa = PBXBuildFile; fileRef = 2E77A6F81F67D10B00B6CEA1 /* ShopCell.swift */; };
		2E77A7041F67E9E700B6CEA1 /* MapKit.framework in Sources */ = {isa = PBXBuildFile; fileRef = 2E77A7031F67E9E700B6CEA1 /* MapKit.framework */; };
		2E77A7061F68388900B6CEA1 /* Podfile in Resources */ = {isa = PBXBuildFile; fileRef = 2E77A7051F68388900B6CEA1 /* Podfile */; };
		2E77A7081F685B6A00B6CEA1 /* MainViewController.swift in Sources */ = {isa = PBXBuildFile; fileRef = 2E77A7071F685B6A00B6CEA1 /* MainViewController.swift */; };
		2E77A70A1F6870C200B6CEA1 /* DownloadAllShopsInteractorNSOpImpl.swift in Sources */ = {isa = PBXBuildFile; fileRef = 2E77A7091F6870C200B6CEA1 /* DownloadAllShopsInteractorNSOpImpl.swift */; };
		2E8317C51F7013F5002317A6 /* SaveAllShopsInteractor.swift in Sources */ = {isa = PBXBuildFile; fileRef = 2E8317C41F7013F5002317A6 /* SaveAllShopsInteractor.swift */; };
		2E8317C71F7014B6002317A6 /* SaveAllShopsInteractorImp.swift in Sources */ = {isa = PBXBuildFile; fileRef = 2E8317C61F7014B6002317A6 /* SaveAllShopsInteractorImp.swift */; };
		2E8317C81F701E86002317A6 /* MapKit.framework in Frameworks */ = {isa = PBXBuildFile; fileRef = 2E77A7031F67E9E700B6CEA1 /* MapKit.framework */; };
		2EE70CD81F6A6FAF0019FCD3 /* String+Image.swift in Sources */ = {isa = PBXBuildFile; fileRef = 2EE70CD71F6A6FAF0019FCD3 /* String+Image.swift */; };
		91FE0227583F7F0764ABC0B9 /* Pods_MadridShopsTests.framework in Frameworks */ = {isa = PBXBuildFile; fileRef = B08913A6189155ACE33108B9 /* Pods_MadridShopsTests.framework */; };
/* End PBXBuildFile section */

/* Begin PBXContainerItemProxy section */
		2E77A6E11F67CC9000B6CEA1 /* PBXContainerItemProxy */ = {
			isa = PBXContainerItemProxy;
			containerPortal = 2E77A6C41F67CC9000B6CEA1 /* Project object */;
			proxyType = 1;
			remoteGlobalIDString = 2E77A6CB1F67CC9000B6CEA1;
			remoteInfo = MadridShops;
		};
/* End PBXContainerItemProxy section */

/* Begin PBXFileReference section */
		114C3029C59209FD2E40AFE2 /* Pods-MadridShops.release.xcconfig */ = {isa = PBXFileReference; includeInIndex = 1; lastKnownFileType = text.xcconfig; name = "Pods-MadridShops.release.xcconfig"; path = "Pods/Target Support Files/Pods-MadridShops/Pods-MadridShops.release.xcconfig"; sourceTree = "<group>"; };
		2E07F70B1F69C5750060DCEF /* JSONParser.swift */ = {isa = PBXFileReference; lastKnownFileType = sourcecode.swift; path = JSONParser.swift; sourceTree = "<group>"; };
		2E07F70D1F69C8440060DCEF /* DownloadAllShopsInteractorNSURLSessionImpl.swift */ = {isa = PBXFileReference; lastKnownFileType = sourcecode.swift; path = DownloadAllShopsInteractorNSURLSessionImpl.swift; sourceTree = "<group>"; };
		2E07F70F1F69D4530060DCEF /* ShopDetailViewController.swift */ = {isa = PBXFileReference; lastKnownFileType = sourcecode.swift; path = ShopDetailViewController.swift; sourceTree = "<group>"; };
		2E0A28261F6FE5EB00512D4D /* CoreData.framework */ = {isa = PBXFileReference; lastKnownFileType = wrapper.framework; name = CoreData.framework; path = System/Library/Frameworks/CoreData.framework; sourceTree = SDKROOT; };
		2E0A28291F6FE63200512D4D /* MadridShops.xcdatamodel */ = {isa = PBXFileReference; lastKnownFileType = wrapper.xcdatamodel; path = MadridShops.xcdatamodel; sourceTree = "<group>"; };
		2E0A282B1F6FE7D300512D4D /* CoreDataStack.swift */ = {isa = PBXFileReference; lastKnownFileType = sourcecode.swift; path = CoreDataStack.swift; sourceTree = "<group>"; };
		2E18F0371F795DB700E3805D /* DowloadAllActivitiesInteractorNSURLSessionImpl.swift */ = {isa = PBXFileReference; lastKnownFileType = sourcecode.swift; path = DowloadAllActivitiesInteractorNSURLSessionImpl.swift; sourceTree = "<group>"; };
		2E18F0391F795EFD00E3805D /* DownloadAllActivitiesInteractor.swift */ = {isa = PBXFileReference; lastKnownFileType = sourcecode.swift; path = DownloadAllActivitiesInteractor.swift; sourceTree = "<group>"; };
		2E18F03B1F79608E00E3805D /* Activities.swift */ = {isa = PBXFileReference; lastKnownFileType = sourcecode.swift; path = Activities.swift; sourceTree = "<group>"; };
		2E18F03D1F79616E00E3805D /* Activity.swift */ = {isa = PBXFileReference; lastKnownFileType = sourcecode.swift; path = Activity.swift; sourceTree = "<group>"; };
		2E18F03F1F7A37EF00E3805D /* SaveAllActivitiesInteractorImp.swift */ = {isa = PBXFileReference; lastKnownFileType = sourcecode.swift; path = SaveAllActivitiesInteractorImp.swift; sourceTree = "<group>"; };
		2E18F0411F7A397F00E3805D /* SaveAllActivitiesInteractor.swift */ = {isa = PBXFileReference; lastKnownFileType = sourcecode.swift; path = SaveAllActivitiesInteractor.swift; sourceTree = "<group>"; };
		2E18F0431F7A55A900E3805D /* MapActivities.swift */ = {isa = PBXFileReference; lastKnownFileType = sourcecode.swift; path = MapActivities.swift; sourceTree = "<group>"; };
		2E18F0451F7A732300E3805D /* DownloadAllActivitiesInteractorFakeImpl.swift */ = {isa = PBXFileReference; lastKnownFileType = sourcecode.swift; path = DownloadAllActivitiesInteractorFakeImpl.swift; sourceTree = "<group>"; };
		2E18F0471F7A76E200E3805D /* ActivityViewController.swift */ = {isa = PBXFileReference; lastKnownFileType = sourcecode.swift; path = ActivityViewController.swift; sourceTree = "<group>"; };
		2E18F04B1F7B949900E3805D /* ActivityViewController+CollectionViewController.swift */ = {isa = PBXFileReference; lastKnownFileType = sourcecode.swift; path = "ActivityViewController+CollectionViewController.swift"; sourceTree = "<group>"; };
		2E18F04F1F7BB7F400E3805D /* ActivityCell.swift */ = {isa = PBXFileReference; lastKnownFileType = sourcecode.swift; path = ActivityCell.swift; sourceTree = "<group>"; };
		2E23FF451F70538C00009B76 /* MapShops.swift */ = {isa = PBXFileReference; lastKnownFileType = sourcecode.swift; path = MapShops.swift; sourceTree = "<group>"; };
		2E23FF471F70615000009B76 /* ExecuteOnceInteractor.swift */ = {isa = PBXFileReference; lastKnownFileType = sourcecode.swift; path = ExecuteOnceInteractor.swift; sourceTree = "<group>"; };
		2E23FF491F7061EB00009B76 /* SetExecutedOnceInteractor.swift */ = {isa = PBXFileReference; lastKnownFileType = sourcecode.swift; path = SetExecutedOnceInteractor.swift; sourceTree = "<group>"; };
		2E23FF4B1F7068CB00009B76 /* SetExecutedOnceInteractorImpl.swift */ = {isa = PBXFileReference; lastKnownFileType = sourcecode.swift; path = SetExecutedOnceInteractorImpl.swift; sourceTree = "<group>"; };
		2E23FF4D1F7069B700009B76 /* ExecuteOnceInteractorImpl.swift */ = {isa = PBXFileReference; lastKnownFileType = sourcecode.swift; path = ExecuteOnceInteractorImpl.swift; sourceTree = "<group>"; };
		2E77A6CC1F67CC9000B6CEA1 /* MadridShops.app */ = {isa = PBXFileReference; explicitFileType = wrapper.application; includeInIndex = 0; path = MadridShops.app; sourceTree = BUILT_PRODUCTS_DIR; };
		2E77A6CF1F67CC9000B6CEA1 /* AppDelegate.swift */ = {isa = PBXFileReference; lastKnownFileType = sourcecode.swift; path = AppDelegate.swift; sourceTree = "<group>"; };
		2E77A6D11F67CC9000B6CEA1 /* ShopViewController.swift */ = {isa = PBXFileReference; lastKnownFileType = sourcecode.swift; path = ShopViewController.swift; sourceTree = "<group>"; };
		2E77A6D41F67CC9000B6CEA1 /* Base */ = {isa = PBXFileReference; lastKnownFileType = file.storyboard; name = Base; path = Base.lproj/Main.storyboard; sourceTree = "<group>"; };
		2E77A6D61F67CC9000B6CEA1 /* Assets.xcassets */ = {isa = PBXFileReference; lastKnownFileType = folder.assetcatalog; path = Assets.xcassets; sourceTree = "<group>"; };
		2E77A6D91F67CC9000B6CEA1 /* Base */ = {isa = PBXFileReference; lastKnownFileType = file.storyboard; name = Base; path = Base.lproj/LaunchScreen.storyboard; sourceTree = "<group>"; };
		2E77A6DB1F67CC9000B6CEA1 /* Info.plist */ = {isa = PBXFileReference; lastKnownFileType = text.plist.xml; path = Info.plist; sourceTree = "<group>"; };
		2E77A6E01F67CC9000B6CEA1 /* MadridShopsTests.xctest */ = {isa = PBXFileReference; explicitFileType = wrapper.cfbundle; includeInIndex = 0; path = MadridShopsTests.xctest; sourceTree = BUILT_PRODUCTS_DIR; };
		2E77A6E41F67CC9000B6CEA1 /* MadridShopsTests.swift */ = {isa = PBXFileReference; lastKnownFileType = sourcecode.swift; path = MadridShopsTests.swift; sourceTree = "<group>"; };
		2E77A6E61F67CC9000B6CEA1 /* Info.plist */ = {isa = PBXFileReference; lastKnownFileType = text.plist.xml; path = Info.plist; sourceTree = "<group>"; };
		2E77A6EF1F67D0FB00B6CEA1 /* DownloadAllShopsInteractorFakeImpl.swift */ = {isa = PBXFileReference; fileEncoding = 4; lastKnownFileType = sourcecode.swift; path = DownloadAllShopsInteractorFakeImpl.swift; sourceTree = "<group>"; };
		2E77A6F01F67D0FC00B6CEA1 /* DownloadAllShopsInteractor.swift */ = {isa = PBXFileReference; fileEncoding = 4; lastKnownFileType = sourcecode.swift; path = DownloadAllShopsInteractor.swift; sourceTree = "<group>"; };
		2E77A6F11F67D0FC00B6CEA1 /* Shop.swift */ = {isa = PBXFileReference; fileEncoding = 4; lastKnownFileType = sourcecode.swift; path = Shop.swift; sourceTree = "<group>"; };
		2E77A6F51F67D10B00B6CEA1 /* ViewController+CollectionViewController.swift */ = {isa = PBXFileReference; fileEncoding = 4; lastKnownFileType = sourcecode.swift; path = "ViewController+CollectionViewController.swift"; sourceTree = "<group>"; };
		2E77A6F61F67D10B00B6CEA1 /* Shops.swift */ = {isa = PBXFileReference; fileEncoding = 4; lastKnownFileType = sourcecode.swift; path = Shops.swift; sourceTree = "<group>"; };
		2E77A6F71F67D10B00B6CEA1 /* Typealias.swift */ = {isa = PBXFileReference; fileEncoding = 4; lastKnownFileType = sourcecode.swift; path = Typealias.swift; sourceTree = "<group>"; };
		2E77A6F81F67D10B00B6CEA1 /* ShopCell.swift */ = {isa = PBXFileReference; fileEncoding = 4; lastKnownFileType = sourcecode.swift; path = ShopCell.swift; sourceTree = "<group>"; };
		2E77A7031F67E9E700B6CEA1 /* MapKit.framework */ = {isa = PBXFileReference; lastKnownFileType = wrapper.framework; name = MapKit.framework; path = System/Library/Frameworks/MapKit.framework; sourceTree = SDKROOT; };
		2E77A7051F68388900B6CEA1 /* Podfile */ = {isa = PBXFileReference; lastKnownFileType = text; path = Podfile; sourceTree = "<group>"; xcLanguageSpecificationIdentifier = xcode.lang.ruby; };
		2E77A7071F685B6A00B6CEA1 /* MainViewController.swift */ = {isa = PBXFileReference; lastKnownFileType = sourcecode.swift; path = MainViewController.swift; sourceTree = "<group>"; };
		2E77A7091F6870C200B6CEA1 /* DownloadAllShopsInteractorNSOpImpl.swift */ = {isa = PBXFileReference; lastKnownFileType = sourcecode.swift; path = DownloadAllShopsInteractorNSOpImpl.swift; sourceTree = "<group>"; };
		2E8317C41F7013F5002317A6 /* SaveAllShopsInteractor.swift */ = {isa = PBXFileReference; lastKnownFileType = sourcecode.swift; path = SaveAllShopsInteractor.swift; sourceTree = "<group>"; };
		2E8317C61F7014B6002317A6 /* SaveAllShopsInteractorImp.swift */ = {isa = PBXFileReference; lastKnownFileType = sourcecode.swift; path = SaveAllShopsInteractorImp.swift; sourceTree = "<group>"; };
		2EE70CD71F6A6FAF0019FCD3 /* String+Image.swift */ = {isa = PBXFileReference; lastKnownFileType = sourcecode.swift; path = "String+Image.swift"; sourceTree = "<group>"; };
		4280F60F59FEC83D0675CC96 /* Pods-MadridShopsTests.debug.xcconfig */ = {isa = PBXFileReference; includeInIndex = 1; lastKnownFileType = text.xcconfig; name = "Pods-MadridShopsTests.debug.xcconfig"; path = "Pods/Target Support Files/Pods-MadridShopsTests/Pods-MadridShopsTests.debug.xcconfig"; sourceTree = "<group>"; };
		5BBBAE018471DE66DD98F589 /* Pods_MadridShops.framework */ = {isa = PBXFileReference; explicitFileType = wrapper.framework; includeInIndex = 0; path = Pods_MadridShops.framework; sourceTree = BUILT_PRODUCTS_DIR; };
		5E35E0CE22A2F31EB9BCBAB7 /* Pods-MadridShops.debug.xcconfig */ = {isa = PBXFileReference; includeInIndex = 1; lastKnownFileType = text.xcconfig; name = "Pods-MadridShops.debug.xcconfig"; path = "Pods/Target Support Files/Pods-MadridShops/Pods-MadridShops.debug.xcconfig"; sourceTree = "<group>"; };
		B08913A6189155ACE33108B9 /* Pods_MadridShopsTests.framework */ = {isa = PBXFileReference; explicitFileType = wrapper.framework; includeInIndex = 0; path = Pods_MadridShopsTests.framework; sourceTree = BUILT_PRODUCTS_DIR; };
		E516F30C8C7F56DEF9B24785 /* Pods-MadridShopsTests.release.xcconfig */ = {isa = PBXFileReference; includeInIndex = 1; lastKnownFileType = text.xcconfig; name = "Pods-MadridShopsTests.release.xcconfig"; path = "Pods/Target Support Files/Pods-MadridShopsTests/Pods-MadridShopsTests.release.xcconfig"; sourceTree = "<group>"; };
/* End PBXFileReference section */

/* Begin PBXFrameworksBuildPhase section */
		2E77A6C91F67CC9000B6CEA1 /* Frameworks */ = {
			isa = PBXFrameworksBuildPhase;
			buildActionMask = 2147483647;
			files = (
				2E8317C81F701E86002317A6 /* MapKit.framework in Frameworks */,
				2E0A28271F6FE5EB00512D4D /* CoreData.framework in Frameworks */,
				27A0674F71B30C2FD13A872E /* Pods_MadridShops.framework in Frameworks */,
			);
			runOnlyForDeploymentPostprocessing = 0;
		};
		2E77A6DD1F67CC9000B6CEA1 /* Frameworks */ = {
			isa = PBXFrameworksBuildPhase;
			buildActionMask = 2147483647;
			files = (
				91FE0227583F7F0764ABC0B9 /* Pods_MadridShopsTests.framework in Frameworks */,
			);
			runOnlyForDeploymentPostprocessing = 0;
		};
/* End PBXFrameworksBuildPhase section */

/* Begin PBXGroup section */
		2E07F70A1F69C55A0060DCEF /* Json Parser */ = {
			isa = PBXGroup;
			children = (
				2E07F70B1F69C5750060DCEF /* JSONParser.swift */,
			);
			path = "Json Parser";
			sourceTree = "<group>";
		};
		2E18F0491F7A916D00E3805D /* ShopsInteractor */ = {
			isa = PBXGroup;
			children = (
				2E8317C41F7013F5002317A6 /* SaveAllShopsInteractor.swift */,
				2E8317C61F7014B6002317A6 /* SaveAllShopsInteractorImp.swift */,
				2E77A6F01F67D0FC00B6CEA1 /* DownloadAllShopsInteractor.swift */,
				2E77A7091F6870C200B6CEA1 /* DownloadAllShopsInteractorNSOpImpl.swift */,
				2E77A6EF1F67D0FB00B6CEA1 /* DownloadAllShopsInteractorFakeImpl.swift */,
				2E07F70D1F69C8440060DCEF /* DownloadAllShopsInteractorNSURLSessionImpl.swift */,
			);
			path = ShopsInteractor;
			sourceTree = "<group>";
		};
		2E18F04A1F7A919100E3805D /* ActivitiesInteractor */ = {
			isa = PBXGroup;
			children = (
				2E18F0411F7A397F00E3805D /* SaveAllActivitiesInteractor.swift */,
				2E18F03F1F7A37EF00E3805D /* SaveAllActivitiesInteractorImp.swift */,
				2E18F0391F795EFD00E3805D /* DownloadAllActivitiesInteractor.swift */,
				2E18F0451F7A732300E3805D /* DownloadAllActivitiesInteractorFakeImpl.swift */,
				2E18F0371F795DB700E3805D /* DowloadAllActivitiesInteractorNSURLSessionImpl.swift */,
			);
			path = ActivitiesInteractor;
			sourceTree = "<group>";
		};
		2E18F0511F7BE5C700E3805D /* Resources */ = {
			isa = PBXGroup;
			children = (
			);
			path = Resources;
			sourceTree = "<group>";
		};
		2E23FF441F70534C00009B76 /* Mappers */ = {
			isa = PBXGroup;
			children = (
				2E23FF451F70538C00009B76 /* MapShops.swift */,
				2E18F0431F7A55A900E3805D /* MapActivities.swift */,
			);
			path = Mappers;
			sourceTree = "<group>";
		};
		2E77A6C31F67CC9000B6CEA1 = {
			isa = PBXGroup;
			children = (
				2E77A7051F68388900B6CEA1 /* Podfile */,
				2E77A6CE1F67CC9000B6CEA1 /* MadridShops */,
				2E77A6E31F67CC9000B6CEA1 /* MadridShopsTests */,
				2E77A6CD1F67CC9000B6CEA1 /* Products */,
				2E77A7021F67E9E700B6CEA1 /* Frameworks */,
				ED66E52316A4331750D51FBA /* Pods */,
			);
			sourceTree = "<group>";
		};
		2E77A6CD1F67CC9000B6CEA1 /* Products */ = {
			isa = PBXGroup;
			children = (
				2E77A6CC1F67CC9000B6CEA1 /* MadridShops.app */,
				2E77A6E01F67CC9000B6CEA1 /* MadridShopsTests.xctest */,
			);
			name = Products;
			sourceTree = "<group>";
		};
		2E77A6CE1F67CC9000B6CEA1 /* MadridShops */ = {
			isa = PBXGroup;
			children = (
				2E77A6CF1F67CC9000B6CEA1 /* AppDelegate.swift */,
				2E18F0511F7BE5C700E3805D /* Resources */,
				2EE70CD61F6A6F870019FCD3 /* Util */,
				2E77A7001F67D1D600B6CEA1 /* View */,
				2E77A6FE1F67D18A00B6CEA1 /* Model */,
				2E77A6FD1F67D16300B6CEA1 /* Controller */,
				2E77A6D61F67CC9000B6CEA1 /* Assets.xcassets */,
				2E77A6DB1F67CC9000B6CEA1 /* Info.plist */,
			);
			path = MadridShops;
			sourceTree = "<group>";
		};
		2E77A6E31F67CC9000B6CEA1 /* MadridShopsTests */ = {
			isa = PBXGroup;
			children = (
				2E77A6E41F67CC9000B6CEA1 /* MadridShopsTests.swift */,
				2E77A6E61F67CC9000B6CEA1 /* Info.plist */,
			);
			path = MadridShopsTests;
			sourceTree = "<group>";
		};
		2E77A6FD1F67D16300B6CEA1 /* Controller */ = {
			isa = PBXGroup;
			children = (
				2E18F04B1F7B949900E3805D /* ActivityViewController+CollectionViewController.swift */,
				2E77A6F51F67D10B00B6CEA1 /* ViewController+CollectionViewController.swift */,
				2E77A6D11F67CC9000B6CEA1 /* ShopViewController.swift */,
				2E77A7071F685B6A00B6CEA1 /* MainViewController.swift */,
				2E07F70F1F69D4530060DCEF /* ShopDetailViewController.swift */,
				2E18F0471F7A76E200E3805D /* ActivityViewController.swift */,
			);
			path = Controller;
			sourceTree = "<group>";
		};
		2E77A6FE1F67D18A00B6CEA1 /* Model */ = {
			isa = PBXGroup;
			children = (
				2E77A6F61F67D10B00B6CEA1 /* Shops.swift */,
				2E77A6F11F67D0FC00B6CEA1 /* Shop.swift */,
				2E18F03B1F79608E00E3805D /* Activities.swift */,
				2E18F03D1F79616E00E3805D /* Activity.swift */,
				2E23FF441F70534C00009B76 /* Mappers */,
				2E07F70A1F69C55A0060DCEF /* Json Parser */,
				2E77A6FF1F67D19A00B6CEA1 /* Interactors */,
				2E0A28281F6FE63200512D4D /* MadridShops.xcdatamodeld */,
			);
			path = Model;
			sourceTree = "<group>";
		};
		2E77A6FF1F67D19A00B6CEA1 /* Interactors */ = {
			isa = PBXGroup;
			children = (
				2E8317C31F701374002317A6 /* CacheInteractors */,
				2E77A6F71F67D10B00B6CEA1 /* Typealias.swift */,
				2E23FF471F70615000009B76 /* ExecuteOnceInteractor.swift */,
				2E23FF491F7061EB00009B76 /* SetExecutedOnceInteractor.swift */,
				2E23FF4B1F7068CB00009B76 /* SetExecutedOnceInteractorImpl.swift */,
				2E23FF4D1F7069B700009B76 /* ExecuteOnceInteractorImpl.swift */,
			);
			path = Interactors;
			sourceTree = "<group>";
		};
		2E77A7001F67D1D600B6CEA1 /* View */ = {
			isa = PBXGroup;
			children = (
				2E77A6D81F67CC9000B6CEA1 /* LaunchScreen.storyboard */,
				2E77A6D31F67CC9000B6CEA1 /* Main.storyboard */,
				2E77A6F81F67D10B00B6CEA1 /* ShopCell.swift */,
				2E18F04F1F7BB7F400E3805D /* ActivityCell.swift */,
			);
			path = View;
			sourceTree = "<group>";
		};
		2E77A7021F67E9E700B6CEA1 /* Frameworks */ = {
			isa = PBXGroup;
			children = (
				2E0A28261F6FE5EB00512D4D /* CoreData.framework */,
				2E77A7031F67E9E700B6CEA1 /* MapKit.framework */,
				5BBBAE018471DE66DD98F589 /* Pods_MadridShops.framework */,
				B08913A6189155ACE33108B9 /* Pods_MadridShopsTests.framework */,
			);
			name = Frameworks;
			sourceTree = "<group>";
		};
		2E8317C31F701374002317A6 /* CacheInteractors */ = {
			isa = PBXGroup;
			children = (
				2E18F04A1F7A919100E3805D /* ActivitiesInteractor */,
				2E18F0491F7A916D00E3805D /* ShopsInteractor */,
			);
			path = CacheInteractors;
			sourceTree = "<group>";
		};
		2EE70CD61F6A6F870019FCD3 /* Util */ = {
			isa = PBXGroup;
			children = (
				2E0A282B1F6FE7D300512D4D /* CoreDataStack.swift */,
				2EE70CD71F6A6FAF0019FCD3 /* String+Image.swift */,
			);
			path = Util;
			sourceTree = "<group>";
		};
		ED66E52316A4331750D51FBA /* Pods */ = {
			isa = PBXGroup;
			children = (
				5E35E0CE22A2F31EB9BCBAB7 /* Pods-MadridShops.debug.xcconfig */,
				114C3029C59209FD2E40AFE2 /* Pods-MadridShops.release.xcconfig */,
				4280F60F59FEC83D0675CC96 /* Pods-MadridShopsTests.debug.xcconfig */,
				E516F30C8C7F56DEF9B24785 /* Pods-MadridShopsTests.release.xcconfig */,
			);
			name = Pods;
			sourceTree = "<group>";
		};
/* End PBXGroup section */

/* Begin PBXNativeTarget section */
		2E77A6CB1F67CC9000B6CEA1 /* MadridShops */ = {
			isa = PBXNativeTarget;
			buildConfigurationList = 2E77A6E91F67CC9000B6CEA1 /* Build configuration list for PBXNativeTarget "MadridShops" */;
			buildPhases = (
				6C1E110B9AE52F4C7B755E1C /* [CP] Check Pods Manifest.lock */,
				2E77A6C81F67CC9000B6CEA1 /* Sources */,
				2E77A6C91F67CC9000B6CEA1 /* Frameworks */,
				2E77A6CA1F67CC9000B6CEA1 /* Resources */,
				5A206CA8AFA7FBCCAF64194E /* [CP] Embed Pods Frameworks */,
				8949D3F3440DC34A8E3C5C0A /* [CP] Copy Pods Resources */,
			);
			buildRules = (
			);
			dependencies = (
			);
			name = MadridShops;
			productName = MadridShops;
			productReference = 2E77A6CC1F67CC9000B6CEA1 /* MadridShops.app */;
			productType = "com.apple.product-type.application";
		};
		2E77A6DF1F67CC9000B6CEA1 /* MadridShopsTests */ = {
			isa = PBXNativeTarget;
			buildConfigurationList = 2E77A6EC1F67CC9000B6CEA1 /* Build configuration list for PBXNativeTarget "MadridShopsTests" */;
			buildPhases = (
				B6731F254CF598142AC3A072 /* [CP] Check Pods Manifest.lock */,
				2E77A6DC1F67CC9000B6CEA1 /* Sources */,
				2E77A6DD1F67CC9000B6CEA1 /* Frameworks */,
				2E77A6DE1F67CC9000B6CEA1 /* Resources */,
				D5D45876DD5AEB2539435423 /* [CP] Embed Pods Frameworks */,
				4D50CD00E99265D3C1F451B7 /* [CP] Copy Pods Resources */,
			);
			buildRules = (
			);
			dependencies = (
				2E77A6E21F67CC9000B6CEA1 /* PBXTargetDependency */,
			);
			name = MadridShopsTests;
			productName = MadridShopsTests;
			productReference = 2E77A6E01F67CC9000B6CEA1 /* MadridShopsTests.xctest */;
			productType = "com.apple.product-type.bundle.unit-test";
		};
/* End PBXNativeTarget section */

/* Begin PBXProject section */
		2E77A6C41F67CC9000B6CEA1 /* Project object */ = {
			isa = PBXProject;
			attributes = {
				LastSwiftUpdateCheck = 0900;
				LastUpgradeCheck = 0900;
				ORGANIZATIONNAME = "Marta Roldán Arellano";
				TargetAttributes = {
					2E77A6CB1F67CC9000B6CEA1 = {
						CreatedOnToolsVersion = 9.0;
						ProvisioningStyle = Automatic;
						SystemCapabilities = {
							com.apple.Maps.iOS = {
								enabled = 1;
							};
						};
					};
					2E77A6DF1F67CC9000B6CEA1 = {
						CreatedOnToolsVersion = 9.0;
						ProvisioningStyle = Automatic;
						TestTargetID = 2E77A6CB1F67CC9000B6CEA1;
					};
				};
			};
			buildConfigurationList = 2E77A6C71F67CC9000B6CEA1 /* Build configuration list for PBXProject "MadridShops" */;
			compatibilityVersion = "Xcode 8.0";
			developmentRegion = en;
			hasScannedForEncodings = 0;
			knownRegions = (
				en,
				Base,
			);
			mainGroup = 2E77A6C31F67CC9000B6CEA1;
			productRefGroup = 2E77A6CD1F67CC9000B6CEA1 /* Products */;
			projectDirPath = "";
			projectRoot = "";
			targets = (
				2E77A6CB1F67CC9000B6CEA1 /* MadridShops */,
				2E77A6DF1F67CC9000B6CEA1 /* MadridShopsTests */,
			);
		};
/* End PBXProject section */

/* Begin PBXResourcesBuildPhase section */
		2E77A6CA1F67CC9000B6CEA1 /* Resources */ = {
			isa = PBXResourcesBuildPhase;
			buildActionMask = 2147483647;
			files = (
				2E77A6DA1F67CC9000B6CEA1 /* LaunchScreen.storyboard in Resources */,
				2E77A6D71F67CC9000B6CEA1 /* Assets.xcassets in Resources */,
				2E77A7061F68388900B6CEA1 /* Podfile in Resources */,
				2E77A6D51F67CC9000B6CEA1 /* Main.storyboard in Resources */,
			);
			runOnlyForDeploymentPostprocessing = 0;
		};
		2E77A6DE1F67CC9000B6CEA1 /* Resources */ = {
			isa = PBXResourcesBuildPhase;
			buildActionMask = 2147483647;
			files = (
			);
			runOnlyForDeploymentPostprocessing = 0;
		};
/* End PBXResourcesBuildPhase section */

/* Begin PBXShellScriptBuildPhase section */
		4D50CD00E99265D3C1F451B7 /* [CP] Copy Pods Resources */ = {
			isa = PBXShellScriptBuildPhase;
			buildActionMask = 2147483647;
			files = (
			);
			inputPaths = (
			);
			name = "[CP] Copy Pods Resources";
			outputPaths = (
			);
			runOnlyForDeploymentPostprocessing = 0;
			shellPath = /bin/sh;
			shellScript = "\"${SRCROOT}/Pods/Target Support Files/Pods-MadridShopsTests/Pods-MadridShopsTests-resources.sh\"\n";
			showEnvVarsInLog = 0;
		};
		5A206CA8AFA7FBCCAF64194E /* [CP] Embed Pods Frameworks */ = {
			isa = PBXShellScriptBuildPhase;
			buildActionMask = 2147483647;
			files = (
			);
			inputPaths = (
				"${SRCROOT}/Pods/Target Support Files/Pods-MadridShops/Pods-MadridShops-frameworks.sh",
				"${BUILT_PRODUCTS_DIR}/FillableLoaders/FillableLoaders.framework",
			);
			name = "[CP] Embed Pods Frameworks";
			outputPaths = (
				"${TARGET_BUILD_DIR}/${FRAMEWORKS_FOLDER_PATH}/FillableLoaders.framework",
			);
			runOnlyForDeploymentPostprocessing = 0;
			shellPath = /bin/sh;
			shellScript = "\"${SRCROOT}/Pods/Target Support Files/Pods-MadridShops/Pods-MadridShops-frameworks.sh\"\n";
			showEnvVarsInLog = 0;
		};
		6C1E110B9AE52F4C7B755E1C /* [CP] Check Pods Manifest.lock */ = {
			isa = PBXShellScriptBuildPhase;
			buildActionMask = 2147483647;
			files = (
			);
			inputPaths = (
				"${PODS_PODFILE_DIR_PATH}/Podfile.lock",
				"${PODS_ROOT}/Manifest.lock",
			);
			name = "[CP] Check Pods Manifest.lock";
			outputPaths = (
				"$(DERIVED_FILE_DIR)/Pods-MadridShops-checkManifestLockResult.txt",
			);
			runOnlyForDeploymentPostprocessing = 0;
			shellPath = /bin/sh;
			shellScript = "diff \"${PODS_PODFILE_DIR_PATH}/Podfile.lock\" \"${PODS_ROOT}/Manifest.lock\" > /dev/null\nif [ $? != 0 ] ; then\n    # print error to STDERR\n    echo \"error: The sandbox is not in sync with the Podfile.lock. Run 'pod install' or update your CocoaPods installation.\" >&2\n    exit 1\nfi\n# This output is used by Xcode 'outputs' to avoid re-running this script phase.\necho \"SUCCESS\" > \"${SCRIPT_OUTPUT_FILE_0}\"\n";
			showEnvVarsInLog = 0;
		};
		8949D3F3440DC34A8E3C5C0A /* [CP] Copy Pods Resources */ = {
			isa = PBXShellScriptBuildPhase;
			buildActionMask = 2147483647;
			files = (
			);
			inputPaths = (
			);
			name = "[CP] Copy Pods Resources";
			outputPaths = (
			);
			runOnlyForDeploymentPostprocessing = 0;
			shellPath = /bin/sh;
			shellScript = "\"${SRCROOT}/Pods/Target Support Files/Pods-MadridShops/Pods-MadridShops-resources.sh\"\n";
			showEnvVarsInLog = 0;
		};
		B6731F254CF598142AC3A072 /* [CP] Check Pods Manifest.lock */ = {
			isa = PBXShellScriptBuildPhase;
			buildActionMask = 2147483647;
			files = (
			);
			inputPaths = (
				"${PODS_PODFILE_DIR_PATH}/Podfile.lock",
				"${PODS_ROOT}/Manifest.lock",
			);
			name = "[CP] Check Pods Manifest.lock";
			outputPaths = (
				"$(DERIVED_FILE_DIR)/Pods-MadridShopsTests-checkManifestLockResult.txt",
			);
			runOnlyForDeploymentPostprocessing = 0;
			shellPath = /bin/sh;
			shellScript = "diff \"${PODS_PODFILE_DIR_PATH}/Podfile.lock\" \"${PODS_ROOT}/Manifest.lock\" > /dev/null\nif [ $? != 0 ] ; then\n    # print error to STDERR\n    echo \"error: The sandbox is not in sync with the Podfile.lock. Run 'pod install' or update your CocoaPods installation.\" >&2\n    exit 1\nfi\n# This output is used by Xcode 'outputs' to avoid re-running this script phase.\necho \"SUCCESS\" > \"${SCRIPT_OUTPUT_FILE_0}\"\n";
			showEnvVarsInLog = 0;
		};
		D5D45876DD5AEB2539435423 /* [CP] Embed Pods Frameworks */ = {
			isa = PBXShellScriptBuildPhase;
			buildActionMask = 2147483647;
			files = (
			);
			inputPaths = (
				"${SRCROOT}/Pods/Target Support Files/Pods-MadridShopsTests/Pods-MadridShopsTests-frameworks.sh",
				"${BUILT_PRODUCTS_DIR}/FillableLoaders/FillableLoaders.framework",
			);
			name = "[CP] Embed Pods Frameworks";
			outputPaths = (
				"${TARGET_BUILD_DIR}/${FRAMEWORKS_FOLDER_PATH}/FillableLoaders.framework",
			);
			runOnlyForDeploymentPostprocessing = 0;
			shellPath = /bin/sh;
			shellScript = "\"${SRCROOT}/Pods/Target Support Files/Pods-MadridShopsTests/Pods-MadridShopsTests-frameworks.sh\"\n";
			showEnvVarsInLog = 0;
		};
/* End PBXShellScriptBuildPhase section */

/* Begin PBXSourcesBuildPhase section */
		2E77A6C81F67CC9000B6CEA1 /* Sources */ = {
			isa = PBXSourcesBuildPhase;
			buildActionMask = 2147483647;
			files = (
				2E77A7041F67E9E700B6CEA1 /* MapKit.framework in Sources */,
				2E18F0461F7A732300E3805D /* DownloadAllActivitiesInteractorFakeImpl.swift in Sources */,
				2E18F0441F7A55A900E3805D /* MapActivities.swift in Sources */,
				2E18F0421F7A397F00E3805D /* SaveAllActivitiesInteractor.swift in Sources */,
				2E23FF461F70538C00009B76 /* MapShops.swift in Sources */,
				2E23FF481F70615000009B76 /* ExecuteOnceInteractor.swift in Sources */,
				2E77A6D21F67CC9000B6CEA1 /* ShopViewController.swift in Sources */,
				2E77A6FC1F67D10B00B6CEA1 /* ShopCell.swift in Sources */,
				2E07F70C1F69C5750060DCEF /* JSONParser.swift in Sources */,
				2E77A6F91F67D10B00B6CEA1 /* ViewController+CollectionViewController.swift in Sources */,
				2E77A6F31F67D0FC00B6CEA1 /* DownloadAllShopsInteractor.swift in Sources */,
				2E77A6D01F67CC9000B6CEA1 /* AppDelegate.swift in Sources */,
				2E23FF4A1F7061EB00009B76 /* SetExecutedOnceInteractor.swift in Sources */,
				2E77A6FA1F67D10B00B6CEA1 /* Shops.swift in Sources */,
				2E23FF4C1F7068CB00009B76 /* SetExecutedOnceInteractorImpl.swift in Sources */,
				2E77A70A1F6870C200B6CEA1 /* DownloadAllShopsInteractorNSOpImpl.swift in Sources */,
				2E18F0381F795DB700E3805D /* DowloadAllActivitiesInteractorNSURLSessionImpl.swift in Sources */,
				2E77A6F41F67D0FC00B6CEA1 /* Shop.swift in Sources */,
				2E07F70E1F69C8440060DCEF /* DownloadAllShopsInteractorNSURLSessionImpl.swift in Sources */,
				2E77A6FB1F67D10B00B6CEA1 /* Typealias.swift in Sources */,
				2E8317C71F7014B6002317A6 /* SaveAllShopsInteractorImp.swift in Sources */,
				2E18F0481F7A76E200E3805D /* ActivityViewController.swift in Sources */,
				2E18F0501F7BB7F400E3805D /* ActivityCell.swift in Sources */,
				2E8317C51F7013F5002317A6 /* SaveAllShopsInteractor.swift in Sources */,
				2E18F03A1F795EFD00E3805D /* DownloadAllActivitiesInteractor.swift in Sources */,
				2E18F03C1F79608E00E3805D /* Activities.swift in Sources */,
				2E07F7101F69D4530060DCEF /* ShopDetailViewController.swift in Sources */,
				2E18F04C1F7B949900E3805D /* ActivityViewController+CollectionViewController.swift in Sources */,
				2E0A282C1F6FE7D300512D4D /* CoreDataStack.swift in Sources */,
				2E18F0401F7A37EF00E3805D /* SaveAllActivitiesInteractorImp.swift in Sources */,
				2E23FF4E1F7069B700009B76 /* ExecuteOnceInteractorImpl.swift in Sources */,
				2E77A6F21F67D0FC00B6CEA1 /* DownloadAllShopsInteractorFakeImpl.swift in Sources */,
				2E18F03E1F79616E00E3805D /* Activity.swift in Sources */,
				2E77A7081F685B6A00B6CEA1 /* MainViewController.swift in Sources */,
				2E0A282A1F6FE63200512D4D /* MadridShops.xcdatamodeld in Sources */,
				2EE70CD81F6A6FAF0019FCD3 /* String+Image.swift in Sources */,
			);
			runOnlyForDeploymentPostprocessing = 0;
		};
		2E77A6DC1F67CC9000B6CEA1 /* Sources */ = {
			isa = PBXSourcesBuildPhase;
			buildActionMask = 2147483647;
			files = (
				2E77A6E51F67CC9000B6CEA1 /* MadridShopsTests.swift in Sources */,
			);
			runOnlyForDeploymentPostprocessing = 0;
		};
/* End PBXSourcesBuildPhase section */

/* Begin PBXTargetDependency section */
		2E77A6E21F67CC9000B6CEA1 /* PBXTargetDependency */ = {
			isa = PBXTargetDependency;
			target = 2E77A6CB1F67CC9000B6CEA1 /* MadridShops */;
			targetProxy = 2E77A6E11F67CC9000B6CEA1 /* PBXContainerItemProxy */;
		};
/* End PBXTargetDependency section */

/* Begin PBXVariantGroup section */
		2E77A6D31F67CC9000B6CEA1 /* Main.storyboard */ = {
			isa = PBXVariantGroup;
			children = (
				2E77A6D41F67CC9000B6CEA1 /* Base */,
			);
			name = Main.storyboard;
			sourceTree = "<group>";
		};
		2E77A6D81F67CC9000B6CEA1 /* LaunchScreen.storyboard */ = {
			isa = PBXVariantGroup;
			children = (
				2E77A6D91F67CC9000B6CEA1 /* Base */,
			);
			name = LaunchScreen.storyboard;
			sourceTree = "<group>";
		};
/* End PBXVariantGroup section */

/* Begin XCBuildConfiguration section */
		2E77A6E71F67CC9000B6CEA1 /* Debug */ = {
			isa = XCBuildConfiguration;
			buildSettings = {
				ALWAYS_SEARCH_USER_PATHS = NO;
				CLANG_ANALYZER_NONNULL = YES;
				CLANG_ANALYZER_NUMBER_OBJECT_CONVERSION = YES_AGGRESSIVE;
				CLANG_CXX_LANGUAGE_STANDARD = "gnu++14";
				CLANG_CXX_LIBRARY = "libc++";
				CLANG_ENABLE_MODULES = YES;
				CLANG_ENABLE_OBJC_ARC = YES;
				CLANG_WARN_BLOCK_CAPTURE_AUTORELEASING = YES;
				CLANG_WARN_BOOL_CONVERSION = YES;
				CLANG_WARN_COMMA = YES;
				CLANG_WARN_CONSTANT_CONVERSION = YES;
				CLANG_WARN_DIRECT_OBJC_ISA_USAGE = YES_ERROR;
				CLANG_WARN_DOCUMENTATION_COMMENTS = YES;
				CLANG_WARN_EMPTY_BODY = YES;
				CLANG_WARN_ENUM_CONVERSION = YES;
				CLANG_WARN_INFINITE_RECURSION = YES;
				CLANG_WARN_INT_CONVERSION = YES;
				CLANG_WARN_NON_LITERAL_NULL_CONVERSION = YES;
				CLANG_WARN_OBJC_LITERAL_CONVERSION = YES;
				CLANG_WARN_OBJC_ROOT_CLASS = YES_ERROR;
				CLANG_WARN_RANGE_LOOP_ANALYSIS = YES;
				CLANG_WARN_STRICT_PROTOTYPES = YES;
				CLANG_WARN_SUSPICIOUS_MOVE = YES;
				CLANG_WARN_UNGUARDED_AVAILABILITY = YES_AGGRESSIVE;
				CLANG_WARN_UNREACHABLE_CODE = YES;
				CLANG_WARN__DUPLICATE_METHOD_MATCH = YES;
				CODE_SIGN_IDENTITY = "iPhone Developer";
				COPY_PHASE_STRIP = NO;
				DEBUG_INFORMATION_FORMAT = dwarf;
				ENABLE_STRICT_OBJC_MSGSEND = YES;
				ENABLE_TESTABILITY = YES;
				GCC_C_LANGUAGE_STANDARD = gnu11;
				GCC_DYNAMIC_NO_PIC = NO;
				GCC_NO_COMMON_BLOCKS = YES;
				GCC_OPTIMIZATION_LEVEL = 0;
				GCC_PREPROCESSOR_DEFINITIONS = (
					"DEBUG=1",
					"$(inherited)",
				);
				GCC_WARN_64_TO_32_BIT_CONVERSION = YES;
				GCC_WARN_ABOUT_RETURN_TYPE = YES_ERROR;
				GCC_WARN_UNDECLARED_SELECTOR = YES;
				GCC_WARN_UNINITIALIZED_AUTOS = YES_AGGRESSIVE;
				GCC_WARN_UNUSED_FUNCTION = YES;
				GCC_WARN_UNUSED_VARIABLE = YES;
				IPHONEOS_DEPLOYMENT_TARGET = 10.0;
				MTL_ENABLE_DEBUG_INFO = YES;
				ONLY_ACTIVE_ARCH = YES;
				SDKROOT = iphoneos;
				SWIFT_ACTIVE_COMPILATION_CONDITIONS = DEBUG;
				SWIFT_OPTIMIZATION_LEVEL = "-Onone";
			};
			name = Debug;
		};
		2E77A6E81F67CC9000B6CEA1 /* Release */ = {
			isa = XCBuildConfiguration;
			buildSettings = {
				ALWAYS_SEARCH_USER_PATHS = NO;
				CLANG_ANALYZER_NONNULL = YES;
				CLANG_ANALYZER_NUMBER_OBJECT_CONVERSION = YES_AGGRESSIVE;
				CLANG_CXX_LANGUAGE_STANDARD = "gnu++14";
				CLANG_CXX_LIBRARY = "libc++";
				CLANG_ENABLE_MODULES = YES;
				CLANG_ENABLE_OBJC_ARC = YES;
				CLANG_WARN_BLOCK_CAPTURE_AUTORELEASING = YES;
				CLANG_WARN_BOOL_CONVERSION = YES;
				CLANG_WARN_COMMA = YES;
				CLANG_WARN_CONSTANT_CONVERSION = YES;
				CLANG_WARN_DIRECT_OBJC_ISA_USAGE = YES_ERROR;
				CLANG_WARN_DOCUMENTATION_COMMENTS = YES;
				CLANG_WARN_EMPTY_BODY = YES;
				CLANG_WARN_ENUM_CONVERSION = YES;
				CLANG_WARN_INFINITE_RECURSION = YES;
				CLANG_WARN_INT_CONVERSION = YES;
				CLANG_WARN_NON_LITERAL_NULL_CONVERSION = YES;
				CLANG_WARN_OBJC_LITERAL_CONVERSION = YES;
				CLANG_WARN_OBJC_ROOT_CLASS = YES_ERROR;
				CLANG_WARN_RANGE_LOOP_ANALYSIS = YES;
				CLANG_WARN_STRICT_PROTOTYPES = YES;
				CLANG_WARN_SUSPICIOUS_MOVE = YES;
				CLANG_WARN_UNGUARDED_AVAILABILITY = YES_AGGRESSIVE;
				CLANG_WARN_UNREACHABLE_CODE = YES;
				CLANG_WARN__DUPLICATE_METHOD_MATCH = YES;
				CODE_SIGN_IDENTITY = "iPhone Developer";
				COPY_PHASE_STRIP = NO;
				DEBUG_INFORMATION_FORMAT = "dwarf-with-dsym";
				ENABLE_NS_ASSERTIONS = NO;
				ENABLE_STRICT_OBJC_MSGSEND = YES;
				GCC_C_LANGUAGE_STANDARD = gnu11;
				GCC_NO_COMMON_BLOCKS = YES;
				GCC_WARN_64_TO_32_BIT_CONVERSION = YES;
				GCC_WARN_ABOUT_RETURN_TYPE = YES_ERROR;
				GCC_WARN_UNDECLARED_SELECTOR = YES;
				GCC_WARN_UNINITIALIZED_AUTOS = YES_AGGRESSIVE;
				GCC_WARN_UNUSED_FUNCTION = YES;
				GCC_WARN_UNUSED_VARIABLE = YES;
				IPHONEOS_DEPLOYMENT_TARGET = 10.0;
				MTL_ENABLE_DEBUG_INFO = NO;
				SDKROOT = iphoneos;
				SWIFT_OPTIMIZATION_LEVEL = "-Owholemodule";
				VALIDATE_PRODUCT = YES;
			};
			name = Release;
		};
		2E77A6EA1F67CC9000B6CEA1 /* Debug */ = {
			isa = XCBuildConfiguration;
			baseConfigurationReference = 5E35E0CE22A2F31EB9BCBAB7 /* Pods-MadridShops.debug.xcconfig */;
			buildSettings = {
				ASSETCATALOG_COMPILER_APPICON_NAME = AppIcon;
				CODE_SIGN_STYLE = Automatic;
				INFOPLIST_FILE = MadridShops/Info.plist;
				LD_RUNPATH_SEARCH_PATHS = "$(inherited) @executable_path/Frameworks";
				PRODUCT_BUNDLE_IDENTIFIER = com.marta.MadridShops;
				PRODUCT_NAME = "$(TARGET_NAME)";
				SWIFT_VERSION = 4.0;
				TARGETED_DEVICE_FAMILY = "1,2";
			};
			name = Debug;
		};
		2E77A6EB1F67CC9000B6CEA1 /* Release */ = {
			isa = XCBuildConfiguration;
			baseConfigurationReference = 114C3029C59209FD2E40AFE2 /* Pods-MadridShops.release.xcconfig */;
			buildSettings = {
				ASSETCATALOG_COMPILER_APPICON_NAME = AppIcon;
				CODE_SIGN_STYLE = Automatic;
				INFOPLIST_FILE = MadridShops/Info.plist;
				LD_RUNPATH_SEARCH_PATHS = "$(inherited) @executable_path/Frameworks";
				PRODUCT_BUNDLE_IDENTIFIER = com.marta.MadridShops;
				PRODUCT_NAME = "$(TARGET_NAME)";
				SWIFT_VERSION = 4.0;
				TARGETED_DEVICE_FAMILY = "1,2";
			};
			name = Release;
		};
		2E77A6ED1F67CC9000B6CEA1 /* Debug */ = {
			isa = XCBuildConfiguration;
			baseConfigurationReference = 4280F60F59FEC83D0675CC96 /* Pods-MadridShopsTests.debug.xcconfig */;
			buildSettings = {
				ALWAYS_EMBED_SWIFT_STANDARD_LIBRARIES = YES;
				BUNDLE_LOADER = "$(TEST_HOST)";
				CODE_SIGN_STYLE = Automatic;
				INFOPLIST_FILE = MadridShopsTests/Info.plist;
				LD_RUNPATH_SEARCH_PATHS = "$(inherited) @executable_path/Frameworks @loader_path/Frameworks";
				PRODUCT_BUNDLE_IDENTIFIER = com.marta.MadridShopsTests;
				PRODUCT_NAME = "$(TARGET_NAME)";
				SWIFT_VERSION = 4.0;
				TARGETED_DEVICE_FAMILY = "1,2";
				TEST_HOST = "$(BUILT_PRODUCTS_DIR)/MadridShops.app/MadridShops";
			};
			name = Debug;
		};
		2E77A6EE1F67CC9000B6CEA1 /* Release */ = {
			isa = XCBuildConfiguration;
			baseConfigurationReference = E516F30C8C7F56DEF9B24785 /* Pods-MadridShopsTests.release.xcconfig */;
			buildSettings = {
				ALWAYS_EMBED_SWIFT_STANDARD_LIBRARIES = YES;
				BUNDLE_LOADER = "$(TEST_HOST)";
				CODE_SIGN_STYLE = Automatic;
				INFOPLIST_FILE = MadridShopsTests/Info.plist;
				LD_RUNPATH_SEARCH_PATHS = "$(inherited) @executable_path/Frameworks @loader_path/Frameworks";
				PRODUCT_BUNDLE_IDENTIFIER = com.marta.MadridShopsTests;
				PRODUCT_NAME = "$(TARGET_NAME)";
				SWIFT_VERSION = 4.0;
				TARGETED_DEVICE_FAMILY = "1,2";
				TEST_HOST = "$(BUILT_PRODUCTS_DIR)/MadridShops.app/MadridShops";
			};
			name = Release;
		};
/* End XCBuildConfiguration section */

/* Begin XCConfigurationList section */
		2E77A6C71F67CC9000B6CEA1 /* Build configuration list for PBXProject "MadridShops" */ = {
			isa = XCConfigurationList;
			buildConfigurations = (
				2E77A6E71F67CC9000B6CEA1 /* Debug */,
				2E77A6E81F67CC9000B6CEA1 /* Release */,
			);
			defaultConfigurationIsVisible = 0;
			defaultConfigurationName = Release;
		};
		2E77A6E91F67CC9000B6CEA1 /* Build configuration list for PBXNativeTarget "MadridShops" */ = {
			isa = XCConfigurationList;
			buildConfigurations = (
				2E77A6EA1F67CC9000B6CEA1 /* Debug */,
				2E77A6EB1F67CC9000B6CEA1 /* Release */,
			);
			defaultConfigurationIsVisible = 0;
			defaultConfigurationName = Release;
		};
		2E77A6EC1F67CC9000B6CEA1 /* Build configuration list for PBXNativeTarget "MadridShopsTests" */ = {
			isa = XCConfigurationList;
			buildConfigurations = (
				2E77A6ED1F67CC9000B6CEA1 /* Debug */,
				2E77A6EE1F67CC9000B6CEA1 /* Release */,
			);
			defaultConfigurationIsVisible = 0;
			defaultConfigurationName = Release;
		};
/* End XCConfigurationList section */

/* Begin XCVersionGroup section */
		2E0A28281F6FE63200512D4D /* MadridShops.xcdatamodeld */ = {
			isa = XCVersionGroup;
			children = (
				2E0A28291F6FE63200512D4D /* MadridShops.xcdatamodel */,
			);
			currentVersion = 2E0A28291F6FE63200512D4D /* MadridShops.xcdatamodel */;
			path = MadridShops.xcdatamodeld;
			sourceTree = "<group>";
			versionGroupType = wrapper.xcdatamodel;
		};
/* End XCVersionGroup section */
	};
	rootObject = 2E77A6C41F67CC9000B6CEA1 /* Project object */;
}
